{
  "name": "ts-grm-0.0.4-inheritance-join-repro",
  "version": "1.0.0",
  "lockfileVersion": 3,
  "requires": true,
  "packages": {
    "": {
      "name": "ts-grm-0.0.4-inheritance-join-repro",
      "version": "1.0.0",
      "license": "ISC",
      "dependencies": {
        "@ts-grm/core": "0.0.4",
        "@ts-grm/sql": "0.0.4"
      }
    },
    "node_modules/@standard-schema/spec": {
      "version": "1.1.0",
      "resolved": "https://registry.npmjs.org/@standard-schema/spec/-/spec-1.1.0.tgz",
      "integrity": "sha512-l2aFy5jALhniG5HgqrD6jXLi/rUWrKvqN/qJx6yoJsgKhblVd+iqqU4RCXavm/jPityDo5TCvKMnpjKnOriy0w==",
      "license": "MIT"
    },
    "node_modules/@ts-grm/core": {
      "version": "0.0.4",
      "resolved": "https://registry.npmjs.org/@ts-grm/core/-/core-0.0.4.tgz",
      "integrity": "sha512-eLuFBECHOMckl42Ms/GxmNNn+jPX5+tEjFFAY6N54/Dlqd+3QsAwEDSfdu62CciX7GLZaYaxmrxaaIpIR16eVQ==",
      "license": "Apache-2.0",
      "dependencies": {
        "@standard-schema/spec": "^1.1.0"
      }
    },
    "node_modules/@ts-grm/sql": {
      "version": "0.0.4",
      "resolved": "https://registry.npmjs.org/@ts-grm/sql/-/sql-0.0.4.tgz",
      "integrity": "sha512-4NebkFWsF/10V5qtuRot9R3nw7D5dZ7pkJhp/BqPy2zCfrrecoNsSPiT/TDdWlRVDL0/bRXZqE9Yb8yy0b15yA==",
      "license": "Apache-2.0",
      "dependencies": {
        "@ts-grm/core": "0.0.4"
      },
      "peerDependencies": {
        "better-sqlite3": "*",
        "mssql": "*",
        "mysql2": "*",
        "oracledb": "*",
        "pg": "*"
      },
      "peerDependenciesMeta": {
        "better-sqlite3": {
          "optional": true
        },
        "mssql": {
          "optional": true
        },
        "mysql2": {
          "optional": true
        },
        "oracledb": {
          "optional": true
        },
        "pg": {
          "optional": true
        }
      }
    }
  }
}
